
Microsoft Visual Studio Solution File, Format Version 12.00
# Visual Studio 15
VisualStudioVersion = 15.0.28010.2041
MinimumVisualStudioVersion = 10.0.40219.1
Project("{8BC9CEB8-8B4A-11D0-8D11-00A0C91BC942}") = "OpenMultiPR", "OpenMultiPR\OpenMultiPR.vcxproj", "{69F1198D-C562-413D-AB72-615EE7E6C714}"
EndProject
Global
	GlobalSection(SolutionConfigurationPlatforms) = preSolution
		Debug|x64 = Debug|x64
		Debug|x86 = Debug|x86
		Release|x64 = Release|x64
		Release|x86 = Release|x86
	EndGlobalSection
	GlobalSection(ProjectConfigurationPlatforms) = postSolution
		{69F1198D-C562-413D-AB72-615EE7E6C714}.Debug|x64.ActiveCfg = Debug|x64
		{69F1198D-C562-413D-AB72-615EE7E6C714}.Debug|x64.Build.0 = Debug|x64
		{69F1198D-C562-413D-AB72-615EE7E6C714}.Debug|x86.ActiveCfg = Debug|Win32
		{69F1198D-C562-413D-AB72-615EE7E6C714}.Debug|x86.Build.0 = Debug|Win32
		{69F1198D-C562-413D-AB72-615EE7E6C714}.Release|x64.ActiveCfg = Release|x64
		{69F1198D-C562-413D-AB72-615EE7E6C714}.Release|x64.Build.0 = Release|x64
		{69F1198D-C562-413D-AB72-615EE7E6C714}.Release|x86.ActiveCfg = Release|Win32
		{69F1198D-C562-413D-AB72-615EE7E6C714}.Release|x86.Build.0 = Release|Win32
	EndGlobalSection
	GlobalSection(SolutionProperties) = preSolution
		HideSolutionNode = FALSE
	EndGlobalSection
	GlobalSection(ExtensibilityGlobals) = postSolution
		SolutionGuid = {87E4E470-54C4-43E5-B2BB-F15F5CA61CEC}
	EndGlobalSection
EndGlobal
