<?xml version="1.0" encoding="utf-8"?>
<Project ToolsVersion="4.0" xmlns="http://schemas.microsoft.com/developer/msbuild/2003">
  <ItemGroup>
    <Filter Include="Source&amp;Header">
      <UniqueIdentifier>{81d2955d-00b1-4352-b921-ba9193361b55}</UniqueIdentifier>
    </Filter>
    <Filter Include="Tools">
      <UniqueIdentifier>{e50afae5-4680-4540-b426-21b95a98af56}</UniqueIdentifier>
    </Filter>
    <Filter Include="FileInterface">
      <UniqueIdentifier>{995e76a6-1aaa-49b4-b97d-ec548a7d72ee}</UniqueIdentifier>
    </Filter>
    <Filter Include="Descriptors">
      <UniqueIdentifier>{290d7481-89ec-479c-9fac-47b2d5615a4b}</UniqueIdentifier>
    </Filter>
    <Filter Include="Descriptors\CS">
      <UniqueIdentifier>{06c14d1c-1dd3-4230-97b2-1d59bbd90f55}</UniqueIdentifier>
    </Filter>
    <Filter Include="Descriptors\GIST">
      <UniqueIdentifier>{1ee04f8b-8598-4da9-9a52-a82ac4ed7f38}</UniqueIdentifier>
    </Filter>
    <Filter Include="Descriptors\LDB">
      <UniqueIdentifier>{e2f284c2-9642-4425-b976-efc6497a662e}</UniqueIdentifier>
    </Filter>
    <Filter Include="Descriptors\BoW">
      <UniqueIdentifier>{036eb30b-50dc-4a4a-8371-bd8b43401f35}</UniqueIdentifier>
    </Filter>
  </ItemGroup>
  <ItemGroup>
    <ClInclude Include="Header.h">
      <Filter>Source&amp;Header</Filter>
    </ClInclude>
    <ClInclude Include="VisualLocalization.h">
      <Filter>Source&amp;Header</Filter>
    </ClInclude>
    <ClInclude Include="Tools\dirent.h">
      <Filter>Tools</Filter>
    </ClInclude>
    <ClInclude Include="Tools\list_dir.h">
      <Filter>Tools</Filter>
    </ClInclude>
    <ClInclude Include="Tools\Timer.h">
      <Filter>Tools</Filter>
    </ClInclude>
    <ClInclude Include="FileInterface\FileInterface.h">
      <Filter>FileInterface</Filter>
    </ClInclude>
    <ClInclude Include="FileInterface\GlobalConfig.h">
      <Filter>FileInterface</Filter>
    </ClInclude>
    <ClInclude Include="FileInterface\PicGnssFile.h">
      <Filter>FileInterface</Filter>
    </ClInclude>
    <ClInclude Include="Descriptors\DescriptorExtraction.h">
      <Filter>Descriptors</Filter>
    </ClInclude>
    <ClInclude Include="Descriptors\CS\CompressedSensingExample.h">
      <Filter>Descriptors\CS</Filter>
    </ClInclude>
    <ClInclude Include="Descriptors\CS\CSOperation.h">
      <Filter>Descriptors\CS</Filter>
    </ClInclude>
    <ClInclude Include="Descriptors\GIST\include\gist.h">
      <Filter>Descriptors\GIST</Filter>
    </ClInclude>
    <ClInclude Include="Descriptors\LDB\Ldb.h">
      <Filter>Descriptors\LDB</Filter>
    </ClInclude>
    <ClInclude Include="Descriptors\DescriptorGroup.h">
      <Filter>Descriptors</Filter>
    </ClInclude>
    <ClInclude Include="FileInterface\GroundTruth.h">
      <Filter>FileInterface</Filter>
    </ClInclude>
    <ClInclude Include="SequenceSearch.h">
      <Filter>Source&amp;Header</Filter>
    </ClInclude>
    <ClInclude Include="Tools\GNSSDistance.h">
      <Filter>Tools</Filter>
    </ClInclude>
    <ClInclude Include="genetic.hpp">
      <Filter>Source&amp;Header</Filter>
    </ClInclude>
    <ClInclude Include="ParameterTuning.h">
      <Filter>Source&amp;Header</Filter>
    </ClInclude>
    <ClInclude Include="Descriptors\DesriptorFromFile.h">
      <Filter>Descriptors</Filter>
    </ClInclude>
    <ClInclude Include="Descriptors\BoW\BowVector.h">
      <Filter>Descriptors\BoW</Filter>
    </ClInclude>
    <ClInclude Include="Descriptors\BoW\Database.h">
      <Filter>Descriptors\BoW</Filter>
    </ClInclude>
    <ClInclude Include="Descriptors\BoW\DBoW3.h">
      <Filter>Descriptors\BoW</Filter>
    </ClInclude>
    <ClInclude Include="Descriptors\BoW\DescManip.h">
      <Filter>Descriptors\BoW</Filter>
    </ClInclude>
    <ClInclude Include="Descriptors\BoW\exports.h">
      <Filter>Descriptors\BoW</Filter>
    </ClInclude>
    <ClInclude Include="Descriptors\BoW\FeatureVector.h">
      <Filter>Descriptors\BoW</Filter>
    </ClInclude>
    <ClInclude Include="Descriptors\BoW\QueryResults.h">
      <Filter>Descriptors\BoW</Filter>
    </ClInclude>
    <ClInclude Include="Descriptors\BoW\quicklz.h">
      <Filter>Descriptors\BoW</Filter>
    </ClInclude>
    <ClInclude Include="Descriptors\BoW\ScoringObject.h">
      <Filter>Descriptors\BoW</Filter>
    </ClInclude>
    <ClInclude Include="Descriptors\BoW\timers.h">
      <Filter>Descriptors\BoW</Filter>
    </ClInclude>
    <ClInclude Include="Descriptors\BoW\Vocabulary.h">
      <Filter>Descriptors\BoW</Filter>
    </ClInclude>
  </ItemGroup>
  <ItemGroup>
    <ClCompile Include="KeyPositionMain.cpp">
      <Filter>Source&amp;Header</Filter>
    </ClCompile>
    <ClCompile Include="VisualLocalization.cpp">
      <Filter>Source&amp;Header</Filter>
    </ClCompile>
    <ClCompile Include="Tools\list_dir.cpp">
      <Filter>Tools</Filter>
    </ClCompile>
    <ClCompile Include="Tools\timer.cpp">
      <Filter>Tools</Filter>
    </ClCompile>
    <ClCompile Include="FileInterface\GlobalConfig.cpp">
      <Filter>FileInterface</Filter>
    </ClCompile>
    <ClCompile Include="FileInterface\PicGnssFile.cpp">
      <Filter>FileInterface</Filter>
    </ClCompile>
    <ClCompile Include="Descriptors\DescriptorExtraction.cpp">
      <Filter>Descriptors</Filter>
    </ClCompile>
    <ClCompile Include="Descriptors\CS\CompressedSensingExample.cpp">
      <Filter>Descriptors\CS</Filter>
    </ClCompile>
    <ClCompile Include="Descriptors\CS\CSOperation.cpp">
      <Filter>Descriptors\CS</Filter>
    </ClCompile>
    <ClCompile Include="Descriptors\GIST\src\gist.cpp">
      <Filter>Descriptors\GIST</Filter>
    </ClCompile>
    <ClCompile Include="Descriptors\GIST\src\libgist.cpp">
      <Filter>Descriptors\GIST</Filter>
    </ClCompile>
    <ClCompile Include="Descriptors\GIST\src\standalone_image.cpp">
      <Filter>Descriptors\GIST</Filter>
    </ClCompile>
    <ClCompile Include="Descriptors\LDB\Ldb.cpp">
      <Filter>Descriptors\LDB</Filter>
    </ClCompile>
    <ClCompile Include="Descriptors\DescriptorGroup.cpp">
      <Filter>Descriptors</Filter>
    </ClCompile>
    <ClCompile Include="FileInterface\GroundTruth.cpp">
      <Filter>FileInterface</Filter>
    </ClCompile>
    <ClCompile Include="SequenceSearch.cpp">
      <Filter>Source&amp;Header</Filter>
    </ClCompile>
    <ClCompile Include="Tools\GNSSDistance.cpp">
      <Filter>Tools</Filter>
    </ClCompile>
    <ClCompile Include="ParameterTuning.cpp">
      <Filter>Source&amp;Header</Filter>
    </ClCompile>
    <ClCompile Include="Descriptors\DescriptorFromFile.cpp">
      <Filter>Descriptors</Filter>
    </ClCompile>
    <ClCompile Include="Descriptors\BoW\BowVector.cpp">
      <Filter>Descriptors\BoW</Filter>
    </ClCompile>
    <ClCompile Include="Descriptors\BoW\Database.cpp">
      <Filter>Descriptors\BoW</Filter>
    </ClCompile>
    <ClCompile Include="Descriptors\BoW\DescManip.cpp">
      <Filter>Descriptors\BoW</Filter>
    </ClCompile>
    <ClCompile Include="Descriptors\BoW\FeatureVector.cpp">
      <Filter>Descriptors\BoW</Filter>
    </ClCompile>
    <ClCompile Include="Descriptors\BoW\QueryResults.cpp">
      <Filter>Descriptors\BoW</Filter>
    </ClCompile>
    <ClCompile Include="Descriptors\BoW\quicklz.c">
      <Filter>Descriptors\BoW</Filter>
    </ClCompile>
    <ClCompile Include="Descriptors\BoW\ScoringObject.cpp">
      <Filter>Descriptors\BoW</Filter>
    </ClCompile>
    <ClCompile Include="Descriptors\BoW\Vocabulary.cpp">
      <Filter>Descriptors\BoW</Filter>
    </ClCompile>
  </ItemGroup>
</Project>